
Microsoft Visual Studio Solution File, Format Version 12.00
# Visual Studio Version 17
VisualStudioVersion = 17.7.34221.43
MinimumVisualStudioVersion = 10.0.40219.1
Project("{FAE04EC0-301F-11D3-BF4B-00C04F79EFBC}") = "Muslim-Part4", "Muslim-Part4.csproj", "{F9C93D72-1048-49DA-AB33-0B2634155A3D}"
EndProject
Global
	GlobalSection(SolutionConfigurationPlatforms) = preSolution
		Debug|Any CPU = Debug|Any CPU
		Release|Any CPU = Release|Any CPU
	EndGlobalSection
	GlobalSection(ProjectConfigurationPlatforms) = postSolution
		{F9C93D72-1048-49DA-AB33-0B2634155A3D}.Debug|Any CPU.ActiveCfg = Debug|Any CPU
		{F9C93D72-1048-49DA-AB33-0B2634155A3D}.Debug|Any CPU.Build.0 = Debug|Any CPU
		{F9C93D72-1048-49DA-AB33-0B2634155A3D}.Release|Any CPU.ActiveCfg = Release|Any CPU
		{F9C93D72-1048-49DA-AB33-0B2634155A3D}.Release|Any CPU.Build.0 = Release|Any CPU
	EndGlobalSection
	GlobalSection(SolutionProperties) = preSolution
		HideSolutionNode = FALSE
	EndGlobalSection
	GlobalSection(ExtensibilityGlobals) = postSolution
		SolutionGuid = {3760A491-23E3-454C-B5FE-2D92584E9FD6}
	EndGlobalSection
EndGlobal
